<Solution>
  <Folder Name="/src/" />
  <Folder Name="/src/Catalog/">
    <Project Path="src/Catalog/BrickShare.Catalog.Api/BrickShare.Catalog.Api.csproj" />
  </Folder>
  <Folder Name="/tests/">
    <Project Path="tests/BrickShare.Catalog.IntegrationTests/BrickShare.Catalog.IntegrationTests.csproj" />
    <Project Path="tests/BrickShare.Catalog.UnitTests/BrickShare.Catalog.UnitTests.csproj" />
  </Folder>
</Solution>
